
Microsoft Visual Studio Solution File, Format Version 12.00
# Visual Studio Version 17
VisualStudioVersion = 17.3.32819.101
MinimumVisualStudioVersion = 10.0.40219.1
Project("{9A19103F-16F7-4668-BE54-9A1E7A4F7556}") = "Homework_Server", "Homework_Server\Homework_Server.csproj", "{C2BD26C8-2F01-4C27-8E27-2E2667669719}"
EndProject
Global
	GlobalSection(SolutionConfigurationPlatforms) = preSolution
		Debug|Any CPU = Debug|Any CPU
		Release|Any CPU = Release|Any CPU
	EndGlobalSection
	GlobalSection(ProjectConfigurationPlatforms) = postSolution
		{C2BD26C8-2F01-4C27-8E27-2E2667669719}.Debug|Any CPU.ActiveCfg = Debug|Any CPU
		{C2BD26C8-2F01-4C27-8E27-2E2667669719}.Debug|Any CPU.Build.0 = Debug|Any CPU
		{C2BD26C8-2F01-4C27-8E27-2E2667669719}.Release|Any CPU.ActiveCfg = Release|Any CPU
		{C2BD26C8-2F01-4C27-8E27-2E2667669719}.Release|Any CPU.Build.0 = Release|Any CPU
	EndGlobalSection
	GlobalSection(SolutionProperties) = preSolution
		HideSolutionNode = FALSE
	EndGlobalSection
	GlobalSection(ExtensibilityGlobals) = postSolution
		SolutionGuid = {38ED9BCF-65BC-4FB6-B578-04519BDAA5E0}
	EndGlobalSection
EndGlobal
