
Microsoft Visual Studio Solution File, Format Version 12.00
# Visual Studio Version 17
VisualStudioVersion = 17.3.32819.101
MinimumVisualStudioVersion = 10.0.40219.1
Project("{FAE04EC0-301F-11D3-BF4B-00C04F79EFBC}") = "Homework_Client", "Homework_Client\Homework_Client.csproj", "{2EF25C02-CFAB-43C4-B523-33B26BD414D9}"
EndProject
Global
	GlobalSection(SolutionConfigurationPlatforms) = preSolution
		Debug|Any CPU = Debug|Any CPU
		Release|Any CPU = Release|Any CPU
	EndGlobalSection
	GlobalSection(ProjectConfigurationPlatforms) = postSolution
		{2EF25C02-CFAB-43C4-B523-33B26BD414D9}.Debug|Any CPU.ActiveCfg = Debug|Any CPU
		{2EF25C02-CFAB-43C4-B523-33B26BD414D9}.Debug|Any CPU.Build.0 = Debug|Any CPU
		{2EF25C02-CFAB-43C4-B523-33B26BD414D9}.Release|Any CPU.ActiveCfg = Release|Any CPU
		{2EF25C02-CFAB-43C4-B523-33B26BD414D9}.Release|Any CPU.Build.0 = Release|Any CPU
	EndGlobalSection
	GlobalSection(SolutionProperties) = preSolution
		HideSolutionNode = FALSE
	EndGlobalSection
	GlobalSection(ExtensibilityGlobals) = postSolution
		SolutionGuid = {81B51B8D-2F86-4CF4-AD24-1994E9BE2E38}
	EndGlobalSection
EndGlobal
